
Microsoft Visual Studio Solution File, Format Version 12.00
# Visual Studio Version 16
VisualStudioVersion = 16.0.31005.135
MinimumVisualStudioVersion = 10.0.40219.1
Project("{FAE04EC0-301F-11D3-BF4B-00C04F79EFBC}") = "MuteMicrophone", "MuteMicrophone.csproj", "{4D2CC927-3A19-4789-85A5-6B7D50A77253}"
EndProject
Project("{54435603-DBB4-11D2-8724-00A0C9A8B90C}") = "MuteMicrophoneSetup", "..\MuteMicrophoneSetup\MuteMicrophoneSetup.vdproj", "{B72C864F-DD14-4910-A042-CF9E44CB02F7}"
EndProject
Global
	GlobalSection(SolutionConfigurationPlatforms) = preSolution
		Debug|Any CPU = Debug|Any CPU
		Release|Any CPU = Release|Any CPU
	EndGlobalSection
	GlobalSection(ProjectConfigurationPlatforms) = postSolution
		{4D2CC927-3A19-4789-85A5-6B7D50A77253}.Debug|Any CPU.ActiveCfg = Debug|Any CPU
		{4D2CC927-3A19-4789-85A5-6B7D50A77253}.Debug|Any CPU.Build.0 = Debug|Any CPU
		{4D2CC927-3A19-4789-85A5-6B7D50A77253}.Release|Any CPU.ActiveCfg = Release|Any CPU
		{4D2CC927-3A19-4789-85A5-6B7D50A77253}.Release|Any CPU.Build.0 = Release|Any CPU
		{B72C864F-DD14-4910-A042-CF9E44CB02F7}.Debug|Any CPU.ActiveCfg = Debug
		{B72C864F-DD14-4910-A042-CF9E44CB02F7}.Release|Any CPU.ActiveCfg = Release
	EndGlobalSection
	GlobalSection(SolutionProperties) = preSolution
		HideSolutionNode = FALSE
	EndGlobalSection
	GlobalSection(ExtensibilityGlobals) = postSolution
		SolutionGuid = {3857374E-3F82-451B-81BE-5D0FAD5D639E}
	EndGlobalSection
EndGlobal
